// !$*UTF8*$!
{
	archiveVersion = 1;
	classes = {
	};
	objectVersion = 46;
	objects = {

/* Begin PBXBuildFile section */
		C3719E357B431699C043821F /* Pods_WeatherAppTests.framework in Frameworks */ = {isa = PBXBuildFile; fileRef = 48E8D477AF13CFB953C35AE1 /* Pods_WeatherAppTests.framework */; };
		D925CDC21DCBBA1200D98A34 /* Assets.xcassets in Resources */ = {isa = PBXBuildFile; fileRef = D925CDBC1DCBBA1200D98A34 /* Assets.xcassets */; };
		D925CDC31DCBBA1200D98A34 /* LaunchScreen.storyboard in Resources */ = {isa = PBXBuildFile; fileRef = D925CDBD1DCBBA1200D98A34 /* LaunchScreen.storyboard */; };
		D925CDC41DCBBA1200D98A34 /* Main.storyboard in Resources */ = {isa = PBXBuildFile; fileRef = D925CDBF1DCBBA1200D98A34 /* Main.storyboard */; };
		D925CDC51DCBBA1200D98A34 /* Info.plist in Resources */ = {isa = PBXBuildFile; fileRef = D925CDC11DCBBA1200D98A34 /* Info.plist */; };
		D928CA4A1DCE2F37003E300B /* CDWeatherIcon+CoreDataProperties.swift in Sources */ = {isa = PBXBuildFile; fileRef = D928CA441DCE2F37003E300B /* CDWeatherIcon+CoreDataProperties.swift */; };
		D928CA4B1DCE2F37003E300B /* CDWeatherIcon.swift in Sources */ = {isa = PBXBuildFile; fileRef = D928CA451DCE2F37003E300B /* CDWeatherIcon.swift */; };
		D928CA4C1DCE2F37003E300B /* CDWeather+CoreDataProperties.swift in Sources */ = {isa = PBXBuildFile; fileRef = D928CA461DCE2F37003E300B /* CDWeather+CoreDataProperties.swift */; };
		D928CA4D1DCE2F37003E300B /* CDWeather.swift in Sources */ = {isa = PBXBuildFile; fileRef = D928CA471DCE2F37003E300B /* CDWeather.swift */; };
		D928CA4E1DCE2F37003E300B /* CDWind+CoreDataProperties.swift in Sources */ = {isa = PBXBuildFile; fileRef = D928CA481DCE2F37003E300B /* CDWind+CoreDataProperties.swift */; };
		D928CA4F1DCE2F37003E300B /* CDWind.swift in Sources */ = {isa = PBXBuildFile; fileRef = D928CA491DCE2F37003E300B /* CDWind.swift */; };
		D928CA511DCE3041003E300B /* ManagedObjectType.swift in Sources */ = {isa = PBXBuildFile; fileRef = D928CA501DCE3041003E300B /* ManagedObjectType.swift */; };
		D928CA531DCE3161003E300B /* NSManagedObjectContext+Helpers.swift in Sources */ = {isa = PBXBuildFile; fileRef = D928CA521DCE3161003E300B /* NSManagedObjectContext+Helpers.swift */; };
		D96DDABF1DCBB6520062A85E /* AppDelegate.swift in Sources */ = {isa = PBXBuildFile; fileRef = D96DDABE1DCBB6520062A85E /* AppDelegate.swift */; };
		D96DDAD41DCBB6520062A85E /* WeatherAppTests.swift in Sources */ = {isa = PBXBuildFile; fileRef = D96DDAD31DCBB6520062A85E /* WeatherAppTests.swift */; };
		D96DDADF1DCBB6520062A85E /* WeatherAppUITests.swift in Sources */ = {isa = PBXBuildFile; fileRef = D96DDADE1DCBB6520062A85E /* WeatherAppUITests.swift */; };
		D9BA1C5E1DCBBCC30080C093 /* WeatherDaysListViewController.swift in Sources */ = {isa = PBXBuildFile; fileRef = D9BA1C5D1DCBBCC30080C093 /* WeatherDaysListViewController.swift */; };
		D9BA1C611DCBC20C0080C093 /* JSONDecodable.swift in Sources */ = {isa = PBXBuildFile; fileRef = D9BA1C601DCBC20C0080C093 /* JSONDecodable.swift */; };
		D9BA1C631DCBC9CF0080C093 /* TabbarView.swift in Sources */ = {isa = PBXBuildFile; fileRef = D9BA1C621DCBC9CF0080C093 /* TabbarView.swift */; };
		D9BA1C651DCBC9D90080C093 /* TabbarView.xib in Resources */ = {isa = PBXBuildFile; fileRef = D9BA1C641DCBC9D90080C093 /* TabbarView.xib */; };
		D9BA1C681DCBCF250080C093 /* TabbarCell.swift in Sources */ = {isa = PBXBuildFile; fileRef = D9BA1C661DCBCF250080C093 /* TabbarCell.swift */; };
		D9BA1C691DCBCF250080C093 /* TabbarCell.xib in Resources */ = {isa = PBXBuildFile; fileRef = D9BA1C671DCBCF250080C093 /* TabbarCell.xib */; };
		D9BA1C731DCD08320080C093 /* UIColor+RGBA.swift in Sources */ = {isa = PBXBuildFile; fileRef = D9BA1C721DCD08320080C093 /* UIColor+RGBA.swift */; };
		D9BA1C751DCD0AFD0080C093 /* WeatherDaysListViewModel.swift in Sources */ = {isa = PBXBuildFile; fileRef = D9BA1C741DCD0AFD0080C093 /* WeatherDaysListViewModel.swift */; };
		D9BA1C781DCD0BD10080C093 /* OpenWeatherMapService.swift in Sources */ = {isa = PBXBuildFile; fileRef = D9BA1C771DCD0BD10080C093 /* OpenWeatherMapService.swift */; };
		D9BA1C7B1DCD0C380080C093 /* Error.swift in Sources */ = {isa = PBXBuildFile; fileRef = D9BA1C7A1DCD0C380080C093 /* Error.swift */; };
		D9BA1C7D1DCD0CD10080C093 /* Weather.swift in Sources */ = {isa = PBXBuildFile; fileRef = D9BA1C7C1DCD0CD10080C093 /* Weather.swift */; };
		D9BA1C801DCD175F0080C093 /* Constants.swift in Sources */ = {isa = PBXBuildFile; fileRef = D9BA1C7F1DCD175F0080C093 /* Constants.swift */; };
		D9BA1C841DCD18F50080C093 /* Alamofire.framework in Frameworks */ = {isa = PBXBuildFile; fileRef = D9BA1C831DCD18F50080C093 /* Alamofire.framework */; };
		D9BA1C881DCD2A6A0080C093 /* WeatherIcon.swift in Sources */ = {isa = PBXBuildFile; fileRef = D9BA1C871DCD2A6A0080C093 /* WeatherIcon.swift */; };
		D9BA1C8A1DCD2CCC0080C093 /* Wind.swift in Sources */ = {isa = PBXBuildFile; fileRef = D9BA1C891DCD2CCC0080C093 /* Wind.swift */; };
		D9BA1C8C1DCD34150080C093 /* JSONSerialisationError.swift in Sources */ = {isa = PBXBuildFile; fileRef = D9BA1C8B1DCD34150080C093 /* JSONSerialisationError.swift */; };
		D9BA1C8F1DCD4E720080C093 /* NSDateFormatter+Helpers.swift in Sources */ = {isa = PBXBuildFile; fileRef = D9BA1C8E1DCD4E720080C093 /* NSDateFormatter+Helpers.swift */; };
		D9C880621DCE20F200B43097 /* README.md in Sources */ = {isa = PBXBuildFile; fileRef = D9C880611DCE20F200B43097 /* README.md */; };
		D9C880671DCE235500B43097 /* CoreDataHelper.swift in Sources */ = {isa = PBXBuildFile; fileRef = D9C880661DCE235500B43097 /* CoreDataHelper.swift */; };
		D9C880691DCE235E00B43097 /* CoreDataStore.swift in Sources */ = {isa = PBXBuildFile; fileRef = D9C880681DCE235E00B43097 /* CoreDataStore.swift */; };
		D9C8806F1DCE27F000B43097 /* WeatherApp.xcdatamodeld in Sources */ = {isa = PBXBuildFile; fileRef = D9C8806D1DCE27F000B43097 /* WeatherApp.xcdatamodeld */; };
		D9F4E4791DCE5CB100704F65 /* Media.xcassets in Resources */ = {isa = PBXBuildFile; fileRef = D9F4E4781DCE5CB100704F65 /* Media.xcassets */; };
		D9F4E4A61DCE5F3100704F65 /* SplashViewController.swift in Sources */ = {isa = PBXBuildFile; fileRef = D9F4E4A51DCE5F3100704F65 /* SplashViewController.swift */; };
		D9F4E4A81DCE5FD600704F65 /* FadeInSegue.swift in Sources */ = {isa = PBXBuildFile; fileRef = D9F4E4A71DCE5FD600704F65 /* FadeInSegue.swift */; };
		D9F4E4AA1DCE692000704F65 /* SegueHandlerType.swift in Sources */ = {isa = PBXBuildFile; fileRef = D9F4E4A91DCE692000704F65 /* SegueHandlerType.swift */; };
		D9F4E4AF1DCE8B1200704F65 /* Haneke.framework in Frameworks */ = {isa = PBXBuildFile; fileRef = D9F4E4AE1DCE8B1200704F65 /* Haneke.framework */; };
		D9F4E4B11DCE8FF800704F65 /* TemperatureConverter.swift in Sources */ = {isa = PBXBuildFile; fileRef = D9F4E4B01DCE8FF800704F65 /* TemperatureConverter.swift */; };
		D9F4E4B41DCE958B00704F65 /* WeatherListCell.swift in Sources */ = {isa = PBXBuildFile; fileRef = D9F4E4B31DCE958B00704F65 /* WeatherListCell.swift */; };
		D9F4E4B61DCF384A00704F65 /* Box.swift in Sources */ = {isa = PBXBuildFile; fileRef = D9F4E4B51DCF384A00704F65 /* Box.swift */; };
		D9F4E4B81DCF395800704F65 /* WeatherDetailsViewController.swift in Sources */ = {isa = PBXBuildFile; fileRef = D9F4E4B71DCF395800704F65 /* WeatherDetailsViewController.swift */; };
/* End PBXBuildFile section */

/* Begin PBXContainerItemProxy section */
		D96DDAD01DCBB6520062A85E /* PBXContainerItemProxy */ = {
			isa = PBXContainerItemProxy;
			containerPortal = D96DDAB31DCBB6510062A85E /* Project object */;
			proxyType = 1;
			remoteGlobalIDString = D96DDABA1DCBB6520062A85E;
			remoteInfo = WeatherApp;
		};
		D96DDADB1DCBB6520062A85E /* PBXContainerItemProxy */ = {
			isa = PBXContainerItemProxy;
			containerPortal = D96DDAB31DCBB6510062A85E /* Project object */;
			proxyType = 1;
			remoteGlobalIDString = D96DDABA1DCBB6520062A85E;
			remoteInfo = WeatherApp;
		};
/* End PBXContainerItemProxy section */

/* Begin PBXFileReference section */
		48E8D477AF13CFB953C35AE1 /* Pods_WeatherAppTests.framework */ = {isa = PBXFileReference; explicitFileType = wrapper.framework; includeInIndex = 0; path = Pods_WeatherAppTests.framework; sourceTree = BUILT_PRODUCTS_DIR; };
		8339EC49C74596A06CBC706A /* Pods-WeatherAppTests.debug.xcconfig */ = {isa = PBXFileReference; includeInIndex = 1; lastKnownFileType = text.xcconfig; name = "Pods-WeatherAppTests.debug.xcconfig"; path = "Pods/Target Support Files/Pods-WeatherAppTests/Pods-WeatherAppTests.debug.xcconfig"; sourceTree = "<group>"; };
		BC16DFAFC061B4C838E91730 /* Pods-WeatherAppTests.release.xcconfig */ = {isa = PBXFileReference; includeInIndex = 1; lastKnownFileType = text.xcconfig; name = "Pods-WeatherAppTests.release.xcconfig"; path = "Pods/Target Support Files/Pods-WeatherAppTests/Pods-WeatherAppTests.release.xcconfig"; sourceTree = "<group>"; };
		D925CDBC1DCBBA1200D98A34 /* Assets.xcassets */ = {isa = PBXFileReference; lastKnownFileType = folder.assetcatalog; path = Assets.xcassets; sourceTree = "<group>"; };
		D925CDBE1DCBBA1200D98A34 /* Base */ = {isa = PBXFileReference; lastKnownFileType = file.storyboard; name = Base; path = Base.lproj/LaunchScreen.storyboard; sourceTree = "<group>"; };
		D925CDC01DCBBA1200D98A34 /* Base */ = {isa = PBXFileReference; lastKnownFileType = file.storyboard; name = Base; path = Base.lproj/Main.storyboard; sourceTree = "<group>"; };
		D925CDC11DCBBA1200D98A34 /* Info.plist */ = {isa = PBXFileReference; fileEncoding = 4; lastKnownFileType = text.plist.xml; path = Info.plist; sourceTree = "<group>"; };
		D928CA441DCE2F37003E300B /* CDWeatherIcon+CoreDataProperties.swift */ = {isa = PBXFileReference; fileEncoding = 4; lastKnownFileType = sourcecode.swift; path = "CDWeatherIcon+CoreDataProperties.swift"; sourceTree = "<group>"; };
		D928CA451DCE2F37003E300B /* CDWeatherIcon.swift */ = {isa = PBXFileReference; fileEncoding = 4; lastKnownFileType = sourcecode.swift; path = CDWeatherIcon.swift; sourceTree = "<group>"; };
		D928CA461DCE2F37003E300B /* CDWeather+CoreDataProperties.swift */ = {isa = PBXFileReference; fileEncoding = 4; lastKnownFileType = sourcecode.swift; path = "CDWeather+CoreDataProperties.swift"; sourceTree = "<group>"; };
		D928CA471DCE2F37003E300B /* CDWeather.swift */ = {isa = PBXFileReference; fileEncoding = 4; lastKnownFileType = sourcecode.swift; path = CDWeather.swift; sourceTree = "<group>"; };
		D928CA481DCE2F37003E300B /* CDWind+CoreDataProperties.swift */ = {isa = PBXFileReference; fileEncoding = 4; lastKnownFileType = sourcecode.swift; path = "CDWind+CoreDataProperties.swift"; sourceTree = "<group>"; };
		D928CA491DCE2F37003E300B /* CDWind.swift */ = {isa = PBXFileReference; fileEncoding = 4; lastKnownFileType = sourcecode.swift; path = CDWind.swift; sourceTree = "<group>"; };
		D928CA501DCE3041003E300B /* ManagedObjectType.swift */ = {isa = PBXFileReference; fileEncoding = 4; lastKnownFileType = sourcecode.swift; path = ManagedObjectType.swift; sourceTree = "<group>"; };
		D928CA521DCE3161003E300B /* NSManagedObjectContext+Helpers.swift */ = {isa = PBXFileReference; fileEncoding = 4; lastKnownFileType = sourcecode.swift; path = "NSManagedObjectContext+Helpers.swift"; sourceTree = "<group>"; };
		D96DDABB1DCBB6520062A85E /* WeatherApp.app */ = {isa = PBXFileReference; explicitFileType = wrapper.application; includeInIndex = 0; path = WeatherApp.app; sourceTree = BUILT_PRODUCTS_DIR; };
		D96DDABE1DCBB6520062A85E /* AppDelegate.swift */ = {isa = PBXFileReference; lastKnownFileType = sourcecode.swift; path = AppDelegate.swift; sourceTree = "<group>"; };
		D96DDACF1DCBB6520062A85E /* WeatherAppTests.xctest */ = {isa = PBXFileReference; explicitFileType = wrapper.cfbundle; includeInIndex = 0; path = WeatherAppTests.xctest; sourceTree = BUILT_PRODUCTS_DIR; };
		D96DDAD31DCBB6520062A85E /* WeatherAppTests.swift */ = {isa = PBXFileReference; lastKnownFileType = sourcecode.swift; path = WeatherAppTests.swift; sourceTree = "<group>"; };
		D96DDAD51DCBB6520062A85E /* Info.plist */ = {isa = PBXFileReference; lastKnownFileType = text.plist.xml; path = Info.plist; sourceTree = "<group>"; };
		D96DDADA1DCBB6520062A85E /* WeatherAppUITests.xctest */ = {isa = PBXFileReference; explicitFileType = wrapper.cfbundle; includeInIndex = 0; path = WeatherAppUITests.xctest; sourceTree = BUILT_PRODUCTS_DIR; };
		D96DDADE1DCBB6520062A85E /* WeatherAppUITests.swift */ = {isa = PBXFileReference; lastKnownFileType = sourcecode.swift; path = WeatherAppUITests.swift; sourceTree = "<group>"; };
		D96DDAE01DCBB6520062A85E /* Info.plist */ = {isa = PBXFileReference; lastKnownFileType = text.plist.xml; path = Info.plist; sourceTree = "<group>"; };
		D9BA1C5D1DCBBCC30080C093 /* WeatherDaysListViewController.swift */ = {isa = PBXFileReference; fileEncoding = 4; lastKnownFileType = sourcecode.swift; path = WeatherDaysListViewController.swift; sourceTree = "<group>"; };
		D9BA1C601DCBC20C0080C093 /* JSONDecodable.swift */ = {isa = PBXFileReference; fileEncoding = 4; lastKnownFileType = sourcecode.swift; path = JSONDecodable.swift; sourceTree = "<group>"; };
		D9BA1C621DCBC9CF0080C093 /* TabbarView.swift */ = {isa = PBXFileReference; fileEncoding = 4; lastKnownFileType = sourcecode.swift; path = TabbarView.swift; sourceTree = "<group>"; };
		D9BA1C641DCBC9D90080C093 /* TabbarView.xib */ = {isa = PBXFileReference; fileEncoding = 4; lastKnownFileType = file.xib; path = TabbarView.xib; sourceTree = "<group>"; };
		D9BA1C661DCBCF250080C093 /* TabbarCell.swift */ = {isa = PBXFileReference; fileEncoding = 4; lastKnownFileType = sourcecode.swift; path = TabbarCell.swift; sourceTree = "<group>"; };
		D9BA1C671DCBCF250080C093 /* TabbarCell.xib */ = {isa = PBXFileReference; fileEncoding = 4; lastKnownFileType = file.xib; path = TabbarCell.xib; sourceTree = "<group>"; };
		D9BA1C721DCD08320080C093 /* UIColor+RGBA.swift */ = {isa = PBXFileReference; fileEncoding = 4; lastKnownFileType = sourcecode.swift; path = "UIColor+RGBA.swift"; sourceTree = "<group>"; };
		D9BA1C741DCD0AFD0080C093 /* WeatherDaysListViewModel.swift */ = {isa = PBXFileReference; fileEncoding = 4; lastKnownFileType = sourcecode.swift; path = WeatherDaysListViewModel.swift; sourceTree = "<group>"; };
		D9BA1C771DCD0BD10080C093 /* OpenWeatherMapService.swift */ = {isa = PBXFileReference; fileEncoding = 4; lastKnownFileType = sourcecode.swift; path = OpenWeatherMapService.swift; sourceTree = "<group>"; };
		D9BA1C7A1DCD0C380080C093 /* Error.swift */ = {isa = PBXFileReference; fileEncoding = 4; lastKnownFileType = sourcecode.swift; path = Error.swift; sourceTree = "<group>"; };
		D9BA1C7C1DCD0CD10080C093 /* Weather.swift */ = {isa = PBXFileReference; fileEncoding = 4; lastKnownFileType = sourcecode.swift; path = Weather.swift; sourceTree = "<group>"; };
		D9BA1C7F1DCD175F0080C093 /* Constants.swift */ = {isa = PBXFileReference; fileEncoding = 4; lastKnownFileType = sourcecode.swift; path = Constants.swift; sourceTree = "<group>"; };
		D9BA1C811DCD18400080C093 /* Alamofire.framework */ = {isa = PBXFileReference; lastKnownFileType = wrapper.framework; name = Alamofire.framework; path = "Pods/../build/Debug-iphoneos/Alamofire.framework"; sourceTree = "<group>"; };
		D9BA1C831DCD18F50080C093 /* Alamofire.framework */ = {isa = PBXFileReference; lastKnownFileType = wrapper.framework; name = Alamofire.framework; path = "Pods/../build/Debug-iphoneos/Alamofire.framework"; sourceTree = "<group>"; };
		D9BA1C871DCD2A6A0080C093 /* WeatherIcon.swift */ = {isa = PBXFileReference; fileEncoding = 4; lastKnownFileType = sourcecode.swift; path = WeatherIcon.swift; sourceTree = "<group>"; };
		D9BA1C891DCD2CCC0080C093 /* Wind.swift */ = {isa = PBXFileReference; fileEncoding = 4; lastKnownFileType = sourcecode.swift; path = Wind.swift; sourceTree = "<group>"; };
		D9BA1C8B1DCD34150080C093 /* JSONSerialisationError.swift */ = {isa = PBXFileReference; fileEncoding = 4; lastKnownFileType = sourcecode.swift; path = JSONSerialisationError.swift; sourceTree = "<group>"; };
		D9BA1C8E1DCD4E720080C093 /* NSDateFormatter+Helpers.swift */ = {isa = PBXFileReference; fileEncoding = 4; lastKnownFileType = sourcecode.swift; path = "NSDateFormatter+Helpers.swift"; sourceTree = "<group>"; };
		D9C880611DCE20F200B43097 /* README.md */ = {isa = PBXFileReference; fileEncoding = 4; lastKnownFileType = net.daringfireball.markdown; path = README.md; sourceTree = "<group>"; };
		D9C880661DCE235500B43097 /* CoreDataHelper.swift */ = {isa = PBXFileReference; fileEncoding = 4; lastKnownFileType = sourcecode.swift; path = CoreDataHelper.swift; sourceTree = "<group>"; };
		D9C880681DCE235E00B43097 /* CoreDataStore.swift */ = {isa = PBXFileReference; fileEncoding = 4; lastKnownFileType = sourcecode.swift; path = CoreDataStore.swift; sourceTree = "<group>"; };
		D9C8806E1DCE27F000B43097 /* WeatherApp.xcdatamodel */ = {isa = PBXFileReference; lastKnownFileType = wrapper.xcdatamodel; path = WeatherApp.xcdatamodel; sourceTree = "<group>"; };
		D9F4E4781DCE5CB100704F65 /* Media.xcassets */ = {isa = PBXFileReference; lastKnownFileType = folder.assetcatalog; path = Media.xcassets; sourceTree = "<group>"; };
		D9F4E4A51DCE5F3100704F65 /* SplashViewController.swift */ = {isa = PBXFileReference; fileEncoding = 4; lastKnownFileType = sourcecode.swift; path = SplashViewController.swift; sourceTree = "<group>"; };
		D9F4E4A71DCE5FD600704F65 /* FadeInSegue.swift */ = {isa = PBXFileReference; fileEncoding = 4; lastKnownFileType = sourcecode.swift; path = FadeInSegue.swift; sourceTree = "<group>"; };
		D9F4E4A91DCE692000704F65 /* SegueHandlerType.swift */ = {isa = PBXFileReference; fileEncoding = 4; lastKnownFileType = sourcecode.swift; path = SegueHandlerType.swift; sourceTree = "<group>"; };
		D9F4E4AE1DCE8B1200704F65 /* Haneke.framework */ = {isa = PBXFileReference; lastKnownFileType = wrapper.framework; name = Haneke.framework; path = "Pods/../build/Debug-iphoneos/Haneke.framework"; sourceTree = "<group>"; };
		D9F4E4B01DCE8FF800704F65 /* TemperatureConverter.swift */ = {isa = PBXFileReference; fileEncoding = 4; lastKnownFileType = sourcecode.swift; path = TemperatureConverter.swift; sourceTree = "<group>"; };
		D9F4E4B31DCE958B00704F65 /* WeatherListCell.swift */ = {isa = PBXFileReference; fileEncoding = 4; lastKnownFileType = sourcecode.swift; path = WeatherListCell.swift; sourceTree = "<group>"; };
		D9F4E4B51DCF384A00704F65 /* Box.swift */ = {isa = PBXFileReference; fileEncoding = 4; lastKnownFileType = sourcecode.swift; path = Box.swift; sourceTree = "<group>"; };
		D9F4E4B71DCF395800704F65 /* WeatherDetailsViewController.swift */ = {isa = PBXFileReference; fileEncoding = 4; lastKnownFileType = sourcecode.swift; path = WeatherDetailsViewController.swift; sourceTree = "<group>"; };
/* End PBXFileReference section */

/* Begin PBXFrameworksBuildPhase section */
		D96DDAB81DCBB6520062A85E /* Frameworks */ = {
			isa = PBXFrameworksBuildPhase;
			buildActionMask = 2147483647;
			files = (
				D9F4E4AF1DCE8B1200704F65 /* Haneke.framework in Frameworks */,
				D9BA1C841DCD18F50080C093 /* Alamofire.framework in Frameworks */,
			);
			runOnlyForDeploymentPostprocessing = 0;
		};
		D96DDACC1DCBB6520062A85E /* Frameworks */ = {
			isa = PBXFrameworksBuildPhase;
			buildActionMask = 2147483647;
			files = (
				C3719E357B431699C043821F /* Pods_WeatherAppTests.framework in Frameworks */,
			);
			runOnlyForDeploymentPostprocessing = 0;
		};
		D96DDAD71DCBB6520062A85E /* Frameworks */ = {
			isa = PBXFrameworksBuildPhase;
			buildActionMask = 2147483647;
			files = (
			);
			runOnlyForDeploymentPostprocessing = 0;
		};
/* End PBXFrameworksBuildPhase section */

/* Begin PBXGroup section */
		9459AC3F4DBD91B53495FE14 /* Frameworks */ = {
			isa = PBXGroup;
			children = (
				D9F4E4AE1DCE8B1200704F65 /* Haneke.framework */,
				D9BA1C831DCD18F50080C093 /* Alamofire.framework */,
				D9BA1C811DCD18400080C093 /* Alamofire.framework */,
				48E8D477AF13CFB953C35AE1 /* Pods_WeatherAppTests.framework */,
			);
			name = Frameworks;
			sourceTree = "<group>";
		};
		BD32DC2E7F8C7C3C1C0338C4 /* Pods */ = {
			isa = PBXGroup;
			children = (
				8339EC49C74596A06CBC706A /* Pods-WeatherAppTests.debug.xcconfig */,
				BC16DFAFC061B4C838E91730 /* Pods-WeatherAppTests.release.xcconfig */,
			);
			name = Pods;
			sourceTree = "<group>";
		};
		D925CDAE1DCBB9B300D98A34 /* Classes */ = {
			isa = PBXGroup;
			children = (
				D925CDAF1DCBB9B300D98A34 /* Communs */,
				D9F4E4A41DCE5F1300704F65 /* SplashView */,
				D925CDB11DCBB9B300D98A34 /* WeatherDetails */,
				D925CDB51DCBB9B300D98A34 /* WeatherList */,
			);
			path = Classes;
			sourceTree = "<group>";
		};
		D925CDAF1DCBB9B300D98A34 /* Communs */ = {
			isa = PBXGroup;
			children = (
				D9C880631DCE219A00B43097 /* CoreData */,
				D9BA1C7E1DCD173A0080C093 /* Constants */,
				D9BA1C791DCD0C320080C093 /* Error */,
				D9BA1C5F1DCBC1FF0080C093 /* JSONDecodable */,
				D925CDB01DCBB9B300D98A34 /* TabbarView */,
				D9F4E4A91DCE692000704F65 /* SegueHandlerType.swift */,
			);
			path = Communs;
			sourceTree = "<group>";
		};
		D925CDB01DCBB9B300D98A34 /* TabbarView */ = {
			isa = PBXGroup;
			children = (
				D9BA1C621DCBC9CF0080C093 /* TabbarView.swift */,
				D9BA1C641DCBC9D90080C093 /* TabbarView.xib */,
				D9BA1C661DCBCF250080C093 /* TabbarCell.swift */,
				D9BA1C671DCBCF250080C093 /* TabbarCell.xib */,
			);
			path = TabbarView;
			sourceTree = "<group>";
		};
		D925CDB11DCBB9B300D98A34 /* WeatherDetails */ = {
			isa = PBXGroup;
			children = (
				D925CDB21DCBB9B300D98A34 /* Models */,
				D925CDB31DCBB9B300D98A34 /* Views */,
				D925CDB41DCBB9B300D98A34 /* ViewsModels */,
			);
			path = WeatherDetails;
			sourceTree = "<group>";
		};
		D925CDB21DCBB9B300D98A34 /* Models */ = {
			isa = PBXGroup;
			children = (
			);
			path = Models;
			sourceTree = "<group>";
		};
		D925CDB31DCBB9B300D98A34 /* Views */ = {
			isa = PBXGroup;
			children = (
				D9F4E4B71DCF395800704F65 /* WeatherDetailsViewController.swift */,
			);
			path = Views;
			sourceTree = "<group>";
		};
		D925CDB41DCBB9B300D98A34 /* ViewsModels */ = {
			isa = PBXGroup;
			children = (
			);
			path = ViewsModels;
			sourceTree = "<group>";
		};
		D925CDB51DCBB9B300D98A34 /* WeatherList */ = {
			isa = PBXGroup;
			children = (
				D9BA1C761DCD0B660080C093 /* Services */,
				D925CDB61DCBB9B300D98A34 /* Models */,
				D925CDB71DCBB9B300D98A34 /* ViewModels */,
				D925CDB81DCBB9B300D98A34 /* Views */,
			);
			path = WeatherList;
			sourceTree = "<group>";
		};
		D925CDB61DCBB9B300D98A34 /* Models */ = {
			isa = PBXGroup;
			children = (
				D9BA1C7C1DCD0CD10080C093 /* Weather.swift */,
				D9BA1C871DCD2A6A0080C093 /* WeatherIcon.swift */,
				D9BA1C891DCD2CCC0080C093 /* Wind.swift */,
			);
			path = Models;
			sourceTree = "<group>";
		};
		D925CDB71DCBB9B300D98A34 /* ViewModels */ = {
			isa = PBXGroup;
			children = (
				D9BA1C741DCD0AFD0080C093 /* WeatherDaysListViewModel.swift */,
			);
			path = ViewModels;
			sourceTree = "<group>";
		};
		D925CDB81DCBB9B300D98A34 /* Views */ = {
			isa = PBXGroup;
			children = (
				D9F4E4B21DCE957400704F65 /* Cells */,
				D9BA1C5D1DCBBCC30080C093 /* WeatherDaysListViewController.swift */,
			);
			path = Views;
			sourceTree = "<group>";
		};
		D925CDBB1DCBBA1200D98A34 /* Resources */ = {
			isa = PBXGroup;
			children = (
				D925CDBC1DCBBA1200D98A34 /* Assets.xcassets */,
				D925CDBD1DCBBA1200D98A34 /* LaunchScreen.storyboard */,
				D925CDBF1DCBBA1200D98A34 /* Main.storyboard */,
				D925CDC11DCBBA1200D98A34 /* Info.plist */,
				D9C8806D1DCE27F000B43097 /* WeatherApp.xcdatamodeld */,
				D9F4E4781DCE5CB100704F65 /* Media.xcassets */,
			);
			path = Resources;
			sourceTree = "<group>";
		};
		D96DDAB21DCBB6510062A85E = {
			isa = PBXGroup;
			children = (
				D9C880611DCE20F200B43097 /* README.md */,
				D96DDABD1DCBB6520062A85E /* WeatherApp */,
				D96DDAD21DCBB6520062A85E /* WeatherAppTests */,
				D96DDADD1DCBB6520062A85E /* WeatherAppUITests */,
				D96DDABC1DCBB6520062A85E /* Products */,
				BD32DC2E7F8C7C3C1C0338C4 /* Pods */,
				9459AC3F4DBD91B53495FE14 /* Frameworks */,
			);
			sourceTree = "<group>";
		};
		D96DDABC1DCBB6520062A85E /* Products */ = {
			isa = PBXGroup;
			children = (
				D96DDABB1DCBB6520062A85E /* WeatherApp.app */,
				D96DDACF1DCBB6520062A85E /* WeatherAppTests.xctest */,
				D96DDADA1DCBB6520062A85E /* WeatherAppUITests.xctest */,
			);
			name = Products;
			sourceTree = "<group>";
		};
		D96DDABD1DCBB6520062A85E /* WeatherApp */ = {
			isa = PBXGroup;
			children = (
				D9BA1C701DCD080A0080C093 /* Helpers */,
				D925CDAE1DCBB9B300D98A34 /* Classes */,
				D925CDBB1DCBBA1200D98A34 /* Resources */,
				D96DDABE1DCBB6520062A85E /* AppDelegate.swift */,
			);
			path = WeatherApp;
			sourceTree = "<group>";
		};
		D96DDAD21DCBB6520062A85E /* WeatherAppTests */ = {
			isa = PBXGroup;
			children = (
				D96DDAD31DCBB6520062A85E /* WeatherAppTests.swift */,
				D96DDAD51DCBB6520062A85E /* Info.plist */,
			);
			path = WeatherAppTests;
			sourceTree = "<group>";
		};
		D96DDADD1DCBB6520062A85E /* WeatherAppUITests */ = {
			isa = PBXGroup;
			children = (
				D96DDADE1DCBB6520062A85E /* WeatherAppUITests.swift */,
				D96DDAE01DCBB6520062A85E /* Info.plist */,
			);
			path = WeatherAppUITests;
			sourceTree = "<group>";
		};
		D9BA1C5F1DCBC1FF0080C093 /* JSONDecodable */ = {
			isa = PBXGroup;
			children = (
				D9BA1C601DCBC20C0080C093 /* JSONDecodable.swift */,
				D9BA1C8B1DCD34150080C093 /* JSONSerialisationError.swift */,
			);
			path = JSONDecodable;
			sourceTree = "<group>";
		};
		D9BA1C701DCD080A0080C093 /* Helpers */ = {
			isa = PBXGroup;
			children = (
				D9BA1C8D1DCD4E600080C093 /* NSDateFormatter+Helpers */,
				D9BA1C711DCD081E0080C093 /* UIColor+Helpers */,
				D928CA521DCE3161003E300B /* NSManagedObjectContext+Helpers.swift */,
				D9F4E4A71DCE5FD600704F65 /* FadeInSegue.swift */,
				D9F4E4B01DCE8FF800704F65 /* TemperatureConverter.swift */,
				D9F4E4B51DCF384A00704F65 /* Box.swift */,
			);
			path = Helpers;
			sourceTree = "<group>";
		};
		D9BA1C711DCD081E0080C093 /* UIColor+Helpers */ = {
			isa = PBXGroup;
			children = (
				D9BA1C721DCD08320080C093 /* UIColor+RGBA.swift */,
			);
			path = "UIColor+Helpers";
			sourceTree = "<group>";
		};
		D9BA1C761DCD0B660080C093 /* Services */ = {
			isa = PBXGroup;
			children = (
				D9BA1C771DCD0BD10080C093 /* OpenWeatherMapService.swift */,
			);
			path = Services;
			sourceTree = "<group>";
		};
		D9BA1C791DCD0C320080C093 /* Error */ = {
			isa = PBXGroup;
			children = (
				D9BA1C7A1DCD0C380080C093 /* Error.swift */,
			);
			path = Error;
			sourceTree = "<group>";
		};
		D9BA1C7E1DCD173A0080C093 /* Constants */ = {
			isa = PBXGroup;
			children = (
				D9BA1C7F1DCD175F0080C093 /* Constants.swift */,
			);
			path = Constants;
			sourceTree = "<group>";
		};
		D9BA1C8D1DCD4E600080C093 /* NSDateFormatter+Helpers */ = {
			isa = PBXGroup;
			children = (
				D9BA1C8E1DCD4E720080C093 /* NSDateFormatter+Helpers.swift */,
			);
			path = "NSDateFormatter+Helpers";
			sourceTree = "<group>";
		};
		D9C880631DCE219A00B43097 /* CoreData */ = {
			isa = PBXGroup;
			children = (
				D9C880651DCE232B00B43097 /* Models */,
				D9C880641DCE232400B43097 /* Helpers+Store */,
			);
			path = CoreData;
			sourceTree = "<group>";
		};
		D9C880641DCE232400B43097 /* Helpers+Store */ = {
			isa = PBXGroup;
			children = (
				D9C880661DCE235500B43097 /* CoreDataHelper.swift */,
				D9C880681DCE235E00B43097 /* CoreDataStore.swift */,
				D928CA501DCE3041003E300B /* ManagedObjectType.swift */,
			);
			path = "Helpers+Store";
			sourceTree = "<group>";
		};
		D9C880651DCE232B00B43097 /* Models */ = {
			isa = PBXGroup;
			children = (
				D928CA441DCE2F37003E300B /* CDWeatherIcon+CoreDataProperties.swift */,
				D928CA451DCE2F37003E300B /* CDWeatherIcon.swift */,
				D928CA461DCE2F37003E300B /* CDWeather+CoreDataProperties.swift */,
				D928CA471DCE2F37003E300B /* CDWeather.swift */,
				D928CA481DCE2F37003E300B /* CDWind+CoreDataProperties.swift */,
				D928CA491DCE2F37003E300B /* CDWind.swift */,
			);
			path = Models;
			sourceTree = "<group>";
		};
		D9F4E4A41DCE5F1300704F65 /* SplashView */ = {
			isa = PBXGroup;
			children = (
				D9F4E4A51DCE5F3100704F65 /* SplashViewController.swift */,
			);
			path = SplashView;
			sourceTree = "<group>";
		};
		D9F4E4B21DCE957400704F65 /* Cells */ = {
			isa = PBXGroup;
			children = (
				D9F4E4B31DCE958B00704F65 /* WeatherListCell.swift */,
			);
			path = Cells;
			sourceTree = "<group>";
		};
/* End PBXGroup section */

/* Begin PBXNativeTarget section */
		D96DDABA1DCBB6520062A85E /* WeatherApp */ = {
			isa = PBXNativeTarget;
			buildConfigurationList = D96DDAE31DCBB6520062A85E /* Build configuration list for PBXNativeTarget "WeatherApp" */;
			buildPhases = (
				D96DDAB71DCBB6520062A85E /* Sources */,
				D96DDAB81DCBB6520062A85E /* Frameworks */,
				D96DDAB91DCBB6520062A85E /* Resources */,
			);
			buildRules = (
			);
			dependencies = (
			);
			name = WeatherApp;
			productName = WeatherApp;
			productReference = D96DDABB1DCBB6520062A85E /* WeatherApp.app */;
			productType = "com.apple.product-type.application";
		};
		D96DDACE1DCBB6520062A85E /* WeatherAppTests */ = {
			isa = PBXNativeTarget;
			buildConfigurationList = D96DDAE61DCBB6520062A85E /* Build configuration list for PBXNativeTarget "WeatherAppTests" */;
			buildPhases = (
				C53F2934C7333022F38C5BE2 /* Check Pods Manifest.lock */,
				D96DDACB1DCBB6520062A85E /* Sources */,
				D96DDACC1DCBB6520062A85E /* Frameworks */,
				D96DDACD1DCBB6520062A85E /* Resources */,
				7229A414935FAFADD1D057B6 /* Embed Pods Frameworks */,
				3B357155AC4C747993D06481 /* Copy Pods Resources */,
			);
			buildRules = (
			);
			dependencies = (
				D96DDAD11DCBB6520062A85E /* PBXTargetDependency */,
			);
			name = WeatherAppTests;
			productName = WeatherAppTests;
			productReference = D96DDACF1DCBB6520062A85E /* WeatherAppTests.xctest */;
			productType = "com.apple.product-type.bundle.unit-test";
		};
		D96DDAD91DCBB6520062A85E /* WeatherAppUITests */ = {
			isa = PBXNativeTarget;
			buildConfigurationList = D96DDAE91DCBB6520062A85E /* Build configuration list for PBXNativeTarget "WeatherAppUITests" */;
			buildPhases = (
				D96DDAD61DCBB6520062A85E /* Sources */,
				D96DDAD71DCBB6520062A85E /* Frameworks */,
				D96DDAD81DCBB6520062A85E /* Resources */,
			);
			buildRules = (
			);
			dependencies = (
				D96DDADC1DCBB6520062A85E /* PBXTargetDependency */,
			);
			name = WeatherAppUITests;
			productName = WeatherAppUITests;
			productReference = D96DDADA1DCBB6520062A85E /* WeatherAppUITests.xctest */;
			productType = "com.apple.product-type.bundle.ui-testing";
		};
/* End PBXNativeTarget section */

/* Begin PBXProject section */
		D96DDAB31DCBB6510062A85E /* Project object */ = {
			isa = PBXProject;
			attributes = {
				LastSwiftUpdateCheck = 0730;
				LastUpgradeCheck = 0730;
				ORGANIZATIONNAME = Mohamed;
				TargetAttributes = {
					D96DDABA1DCBB6520062A85E = {
						CreatedOnToolsVersion = 7.3;
					};
					D96DDACE1DCBB6520062A85E = {
						CreatedOnToolsVersion = 7.3;
						TestTargetID = D96DDABA1DCBB6520062A85E;
					};
					D96DDAD91DCBB6520062A85E = {
						CreatedOnToolsVersion = 7.3;
						TestTargetID = D96DDABA1DCBB6520062A85E;
					};
				};
			};
			buildConfigurationList = D96DDAB61DCBB6510062A85E /* Build configuration list for PBXProject "WeatherApp" */;
			compatibilityVersion = "Xcode 3.2";
			developmentRegion = English;
			hasScannedForEncodings = 0;
			knownRegions = (
				en,
				Base,
			);
			mainGroup = D96DDAB21DCBB6510062A85E;
			productRefGroup = D96DDABC1DCBB6520062A85E /* Products */;
			projectDirPath = "";
			projectRoot = "";
			targets = (
				D96DDABA1DCBB6520062A85E /* WeatherApp */,
				D96DDACE1DCBB6520062A85E /* WeatherAppTests */,
				D96DDAD91DCBB6520062A85E /* WeatherAppUITests */,
			);
		};
/* End PBXProject section */

/* Begin PBXResourcesBuildPhase section */
		D96DDAB91DCBB6520062A85E /* Resources */ = {
			isa = PBXResourcesBuildPhase;
			buildActionMask = 2147483647;
			files = (
				D925CDC51DCBBA1200D98A34 /* Info.plist in Resources */,
				D925CDC41DCBBA1200D98A34 /* Main.storyboard in Resources */,
				D9F4E4791DCE5CB100704F65 /* Media.xcassets in Resources */,
				D925CDC21DCBBA1200D98A34 /* Assets.xcassets in Resources */,
				D925CDC31DCBBA1200D98A34 /* LaunchScreen.storyboard in Resources */,
				D9BA1C651DCBC9D90080C093 /* TabbarView.xib in Resources */,
				D9BA1C691DCBCF250080C093 /* TabbarCell.xib in Resources */,
			);
			runOnlyForDeploymentPostprocessing = 0;
		};
		D96DDACD1DCBB6520062A85E /* Resources */ = {
			isa = PBXResourcesBuildPhase;
			buildActionMask = 2147483647;
			files = (
			);
			runOnlyForDeploymentPostprocessing = 0;
		};
		D96DDAD81DCBB6520062A85E /* Resources */ = {
			isa = PBXResourcesBuildPhase;
			buildActionMask = 2147483647;
			files = (
			);
			runOnlyForDeploymentPostprocessing = 0;
		};
/* End PBXResourcesBuildPhase section */

/* Begin PBXShellScriptBuildPhase section */
		3B357155AC4C747993D06481 /* Copy Pods Resources */ = {
			isa = PBXShellScriptBuildPhase;
			buildActionMask = 2147483647;
			files = (
			);
			inputPaths = (
			);
			name = "Copy Pods Resources";
			outputPaths = (
			);
			runOnlyForDeploymentPostprocessing = 0;
			shellPath = /bin/sh;
			shellScript = "\"${SRCROOT}/Pods/Target Support Files/Pods-WeatherAppTests/Pods-WeatherAppTests-resources.sh\"\n";
			showEnvVarsInLog = 0;
		};
		7229A414935FAFADD1D057B6 /* Embed Pods Frameworks */ = {
			isa = PBXShellScriptBuildPhase;
			buildActionMask = 2147483647;
			files = (
			);
			inputPaths = (
			);
			name = "Embed Pods Frameworks";
			outputPaths = (
			);
			runOnlyForDeploymentPostprocessing = 0;
			shellPath = /bin/sh;
			shellScript = "\"${SRCROOT}/Pods/Target Support Files/Pods-WeatherAppTests/Pods-WeatherAppTests-frameworks.sh\"\n";
			showEnvVarsInLog = 0;
		};
		C53F2934C7333022F38C5BE2 /* Check Pods Manifest.lock */ = {
			isa = PBXShellScriptBuildPhase;
			buildActionMask = 2147483647;
			files = (
			);
			inputPaths = (
			);
			name = "Check Pods Manifest.lock";
			outputPaths = (
			);
			runOnlyForDeploymentPostprocessing = 0;
			shellPath = /bin/sh;
			shellScript = "diff \"${PODS_ROOT}/../Podfile.lock\" \"${PODS_ROOT}/Manifest.lock\" > /dev/null\nif [[ $? != 0 ]] ; then\n    cat << EOM\nerror: The sandbox is not in sync with the Podfile.lock. Run 'pod install' or update your CocoaPods installation.\nEOM\n    exit 1\nfi\n";
			showEnvVarsInLog = 0;
		};
/* End PBXShellScriptBuildPhase section */

/* Begin PBXSourcesBuildPhase section */
		D96DDAB71DCBB6520062A85E /* Sources */ = {
			isa = PBXSourcesBuildPhase;
			buildActionMask = 2147483647;
			files = (
				D928CA4A1DCE2F37003E300B /* CDWeatherIcon+CoreDataProperties.swift in Sources */,
				D9C880691DCE235E00B43097 /* CoreDataStore.swift in Sources */,
				D928CA511DCE3041003E300B /* ManagedObjectType.swift in Sources */,
				D9BA1C8F1DCD4E720080C093 /* NSDateFormatter+Helpers.swift in Sources */,
				D9BA1C611DCBC20C0080C093 /* JSONDecodable.swift in Sources */,
				D9BA1C881DCD2A6A0080C093 /* WeatherIcon.swift in Sources */,
				D9BA1C801DCD175F0080C093 /* Constants.swift in Sources */,
				D928CA4E1DCE2F37003E300B /* CDWind+CoreDataProperties.swift in Sources */,
				D9F4E4A61DCE5F3100704F65 /* SplashViewController.swift in Sources */,
				D9C880671DCE235500B43097 /* CoreDataHelper.swift in Sources */,
				D9F4E4B81DCF395800704F65 /* WeatherDetailsViewController.swift in Sources */,
				D9F4E4B11DCE8FF800704F65 /* TemperatureConverter.swift in Sources */,
				D928CA531DCE3161003E300B /* NSManagedObjectContext+Helpers.swift in Sources */,
				D9BA1C5E1DCBBCC30080C093 /* WeatherDaysListViewController.swift in Sources */,
				D9BA1C631DCBC9CF0080C093 /* TabbarView.swift in Sources */,
				D9C880621DCE20F200B43097 /* README.md in Sources */,
				D96DDABF1DCBB6520062A85E /* AppDelegate.swift in Sources */,
				D9BA1C8C1DCD34150080C093 /* JSONSerialisationError.swift in Sources */,
				D9C8806F1DCE27F000B43097 /* WeatherApp.xcdatamodeld in Sources */,
				D9BA1C7D1DCD0CD10080C093 /* Weather.swift in Sources */,
				D928CA4F1DCE2F37003E300B /* CDWind.swift in Sources */,
				D9BA1C681DCBCF250080C093 /* TabbarCell.swift in Sources */,
				D9BA1C751DCD0AFD0080C093 /* WeatherDaysListViewModel.swift in Sources */,
				D9BA1C731DCD08320080C093 /* UIColor+RGBA.swift in Sources */,
				D928CA4B1DCE2F37003E300B /* CDWeatherIcon.swift in Sources */,
				D9BA1C7B1DCD0C380080C093 /* Error.swift in Sources */,
				D9BA1C781DCD0BD10080C093 /* OpenWeatherMapService.swift in Sources */,
				D9BA1C8A1DCD2CCC0080C093 /* Wind.swift in Sources */,
				D9F4E4B61DCF384A00704F65 /* Box.swift in Sources */,
				D928CA4C1DCE2F37003E300B /* CDWeather+CoreDataProperties.swift in Sources */,
				D9F4E4B41DCE958B00704F65 /* WeatherListCell.swift in Sources */,
				D9F4E4A81DCE5FD600704F65 /* FadeInSegue.swift in Sources */,
				D9F4E4AA1DCE692000704F65 /* SegueHandlerType.swift in Sources */,
				D928CA4D1DCE2F37003E300B /* CDWeather.swift in Sources */,
			);
			runOnlyForDeploymentPostprocessing = 0;
		};
		D96DDACB1DCBB6520062A85E /* Sources */ = {
			isa = PBXSourcesBuildPhase;
			buildActionMask = 2147483647;
			files = (
				D96DDAD41DCBB6520062A85E /* WeatherAppTests.swift in Sources */,
			);
			runOnlyForDeploymentPostprocessing = 0;
		};
		D96DDAD61DCBB6520062A85E /* Sources */ = {
			isa = PBXSourcesBuildPhase;
			buildActionMask = 2147483647;
			files = (
				D96DDADF1DCBB6520062A85E /* WeatherAppUITests.swift in Sources */,
			);
			runOnlyForDeploymentPostprocessing = 0;
		};
/* End PBXSourcesBuildPhase section */

/* Begin PBXTargetDependency section */
		D96DDAD11DCBB6520062A85E /* PBXTargetDependency */ = {
			isa = PBXTargetDependency;
			target = D96DDABA1DCBB6520062A85E /* WeatherApp */;
			targetProxy = D96DDAD01DCBB6520062A85E /* PBXContainerItemProxy */;
		};
		D96DDADC1DCBB6520062A85E /* PBXTargetDependency */ = {
			isa = PBXTargetDependency;
			target = D96DDABA1DCBB6520062A85E /* WeatherApp */;
			targetProxy = D96DDADB1DCBB6520062A85E /* PBXContainerItemProxy */;
		};
/* End PBXTargetDependency section */

/* Begin PBXVariantGroup section */
		D925CDBD1DCBBA1200D98A34 /* LaunchScreen.storyboard */ = {
			isa = PBXVariantGroup;
			children = (
				D925CDBE1DCBBA1200D98A34 /* Base */,
			);
			name = LaunchScreen.storyboard;
			sourceTree = "<group>";
		};
		D925CDBF1DCBBA1200D98A34 /* Main.storyboard */ = {
			isa = PBXVariantGroup;
			children = (
				D925CDC01DCBBA1200D98A34 /* Base */,
			);
			name = Main.storyboard;
			sourceTree = "<group>";
		};
/* End PBXVariantGroup section */

/* Begin XCBuildConfiguration section */
		D96DDAE11DCBB6520062A85E /* Debug */ = {
			isa = XCBuildConfiguration;
			buildSettings = {
				ALWAYS_SEARCH_USER_PATHS = NO;
				CLANG_ANALYZER_NONNULL = YES;
				CLANG_CXX_LANGUAGE_STANDARD = "gnu++0x";
				CLANG_CXX_LIBRARY = "libc++";
				CLANG_ENABLE_MODULES = YES;
				CLANG_ENABLE_OBJC_ARC = YES;
				CLANG_WARN_BOOL_CONVERSION = YES;
				CLANG_WARN_CONSTANT_CONVERSION = YES;
				CLANG_WARN_DIRECT_OBJC_ISA_USAGE = YES_ERROR;
				CLANG_WARN_EMPTY_BODY = YES;
				CLANG_WARN_ENUM_CONVERSION = YES;
				CLANG_WARN_INT_CONVERSION = YES;
				CLANG_WARN_OBJC_ROOT_CLASS = YES_ERROR;
				CLANG_WARN_UNREACHABLE_CODE = YES;
				CLANG_WARN__DUPLICATE_METHOD_MATCH = YES;
				"CODE_SIGN_IDENTITY[sdk=iphoneos*]" = "iPhone Developer";
				COPY_PHASE_STRIP = NO;
				DEBUG_INFORMATION_FORMAT = dwarf;
				ENABLE_STRICT_OBJC_MSGSEND = YES;
				ENABLE_TESTABILITY = YES;
				GCC_C_LANGUAGE_STANDARD = gnu99;
				GCC_DYNAMIC_NO_PIC = NO;
				GCC_NO_COMMON_BLOCKS = YES;
				GCC_OPTIMIZATION_LEVEL = 0;
				GCC_PREPROCESSOR_DEFINITIONS = (
					"DEBUG=1",
					"$(inherited)",
				);
				GCC_WARN_64_TO_32_BIT_CONVERSION = YES;
				GCC_WARN_ABOUT_RETURN_TYPE = YES_ERROR;
				GCC_WARN_UNDECLARED_SELECTOR = YES;
				GCC_WARN_UNINITIALIZED_AUTOS = YES_AGGRESSIVE;
				GCC_WARN_UNUSED_FUNCTION = YES;
				GCC_WARN_UNUSED_VARIABLE = YES;
				IPHONEOS_DEPLOYMENT_TARGET = 9.3;
				MTL_ENABLE_DEBUG_INFO = YES;
				ONLY_ACTIVE_ARCH = YES;
				SDKROOT = iphoneos;
				SWIFT_OPTIMIZATION_LEVEL = "-Onone";
				TARGETED_DEVICE_FAMILY = "1,2";
			};
			name = Debug;
		};
		D96DDAE21DCBB6520062A85E /* Release */ = {
			isa = XCBuildConfiguration;
			buildSettings = {
				ALWAYS_SEARCH_USER_PATHS = NO;
				CLANG_ANALYZER_NONNULL = YES;
				CLANG_CXX_LANGUAGE_STANDARD = "gnu++0x";
				CLANG_CXX_LIBRARY = "libc++";
				CLANG_ENABLE_MODULES = YES;
				CLANG_ENABLE_OBJC_ARC = YES;
				CLANG_WARN_BOOL_CONVERSION = YES;
				CLANG_WARN_CONSTANT_CONVERSION = YES;
				CLANG_WARN_DIRECT_OBJC_ISA_USAGE = YES_ERROR;
				CLANG_WARN_EMPTY_BODY = YES;
				CLANG_WARN_ENUM_CONVERSION = YES;
				CLANG_WARN_INT_CONVERSION = YES;
				CLANG_WARN_OBJC_ROOT_CLASS = YES_ERROR;
				CLANG_WARN_UNREACHABLE_CODE = YES;
				CLANG_WARN__DUPLICATE_METHOD_MATCH = YES;
				"CODE_SIGN_IDENTITY[sdk=iphoneos*]" = "iPhone Developer";
				COPY_PHASE_STRIP = NO;
				DEBUG_INFORMATION_FORMAT = "dwarf-with-dsym";
				ENABLE_NS_ASSERTIONS = NO;
				ENABLE_STRICT_OBJC_MSGSEND = YES;
				GCC_C_LANGUAGE_STANDARD = gnu99;
				GCC_NO_COMMON_BLOCKS = YES;
				GCC_WARN_64_TO_32_BIT_CONVERSION = YES;
				GCC_WARN_ABOUT_RETURN_TYPE = YES_ERROR;
				GCC_WARN_UNDECLARED_SELECTOR = YES;
				GCC_WARN_UNINITIALIZED_AUTOS = YES_AGGRESSIVE;
				GCC_WARN_UNUSED_FUNCTION = YES;
				GCC_WARN_UNUSED_VARIABLE = YES;
				IPHONEOS_DEPLOYMENT_TARGET = 9.3;
				MTL_ENABLE_DEBUG_INFO = NO;
				SDKROOT = iphoneos;
				TARGETED_DEVICE_FAMILY = "1,2";
				VALIDATE_PRODUCT = YES;
			};
			name = Release;
		};
		D96DDAE41DCBB6520062A85E /* Debug */ = {
			isa = XCBuildConfiguration;
			buildSettings = {
				ASSETCATALOG_COMPILER_APPICON_NAME = AppIcon;
				FRAMEWORK_SEARCH_PATHS = (
					"$(inherited)",
					"$(PROJECT_DIR)/build/Debug-iphoneos",
				);
				INFOPLIST_FILE = WeatherApp/Resources/Info.plist;
				IPHONEOS_DEPLOYMENT_TARGET = 8.0;
				LD_RUNPATH_SEARCH_PATHS = "$(inherited) @executable_path/Frameworks";
				PRODUCT_BUNDLE_IDENTIFIER = com.WeatherApp;
				PRODUCT_NAME = "$(TARGET_NAME)";
			};
			name = Debug;
		};
		D96DDAE51DCBB6520062A85E /* Release */ = {
			isa = XCBuildConfiguration;
			buildSettings = {
				ASSETCATALOG_COMPILER_APPICON_NAME = AppIcon;
				FRAMEWORK_SEARCH_PATHS = (
					"$(inherited)",
					"$(PROJECT_DIR)/build/Debug-iphoneos",
				);
				INFOPLIST_FILE = WeatherApp/Resources/Info.plist;
				IPHONEOS_DEPLOYMENT_TARGET = 8.0;
				LD_RUNPATH_SEARCH_PATHS = "$(inherited) @executable_path/Frameworks";
				PRODUCT_BUNDLE_IDENTIFIER = com.WeatherApp;
				PRODUCT_NAME = "$(TARGET_NAME)";
			};
			name = Release;
		};
		D96DDAE71DCBB6520062A85E /* Debug */ = {
			isa = XCBuildConfiguration;
			baseConfigurationReference = 8339EC49C74596A06CBC706A /* Pods-WeatherAppTests.debug.xcconfig */;
			buildSettings = {
				BUNDLE_LOADER = "$(TEST_HOST)";
				INFOPLIST_FILE = WeatherAppTests/Info.plist;
				LD_RUNPATH_SEARCH_PATHS = "$(inherited) @executable_path/Frameworks @loader_path/Frameworks";
				PRODUCT_BUNDLE_IDENTIFIER = com.WeatherAppTests;
				PRODUCT_NAME = "$(TARGET_NAME)";
				TEST_HOST = "$(BUILT_PRODUCTS_DIR)/WeatherApp.app/WeatherApp";
			};
			name = Debug;
		};
		D96DDAE81DCBB6520062A85E /* Release */ = {
			isa = XCBuildConfiguration;
			baseConfigurationReference = BC16DFAFC061B4C838E91730 /* Pods-WeatherAppTests.release.xcconfig */;
			buildSettings = {
				BUNDLE_LOADER = "$(TEST_HOST)";
				INFOPLIST_FILE = WeatherAppTests/Info.plist;
				LD_RUNPATH_SEARCH_PATHS = "$(inherited) @executable_path/Frameworks @loader_path/Frameworks";
				PRODUCT_BUNDLE_IDENTIFIER = com.WeatherAppTests;
				PRODUCT_NAME = "$(TARGET_NAME)";
				TEST_HOST = "$(BUILT_PRODUCTS_DIR)/WeatherApp.app/WeatherApp";
			};
			name = Release;
		};
		D96DDAEA1DCBB6520062A85E /* Debug */ = {
			isa = XCBuildConfiguration;
			buildSettings = {
				INFOPLIST_FILE = WeatherAppUITests/Info.plist;
				LD_RUNPATH_SEARCH_PATHS = "$(inherited) @executable_path/Frameworks @loader_path/Frameworks";
				PRODUCT_BUNDLE_IDENTIFIER = com.WeatherAppUITests;
				PRODUCT_NAME = "$(TARGET_NAME)";
				TEST_TARGET_NAME = WeatherApp;
			};
			name = Debug;
		};
		D96DDAEB1DCBB6520062A85E /* Release */ = {
			isa = XCBuildConfiguration;
			buildSettings = {
				INFOPLIST_FILE = WeatherAppUITests/Info.plist;
				LD_RUNPATH_SEARCH_PATHS = "$(inherited) @executable_path/Frameworks @loader_path/Frameworks";
				PRODUCT_BUNDLE_IDENTIFIER = com.WeatherAppUITests;
				PRODUCT_NAME = "$(TARGET_NAME)";
				TEST_TARGET_NAME = WeatherApp;
			};
			name = Release;
		};
/* End XCBuildConfiguration section */

/* Begin XCConfigurationList section */
		D96DDAB61DCBB6510062A85E /* Build configuration list for PBXProject "WeatherApp" */ = {
			isa = XCConfigurationList;
			buildConfigurations = (
				D96DDAE11DCBB6520062A85E /* Debug */,
				D96DDAE21DCBB6520062A85E /* Release */,
			);
			defaultConfigurationIsVisible = 0;
			defaultConfigurationName = Release;
		};
		D96DDAE31DCBB6520062A85E /* Build configuration list for PBXNativeTarget "WeatherApp" */ = {
			isa = XCConfigurationList;
			buildConfigurations = (
				D96DDAE41DCBB6520062A85E /* Debug */,
				D96DDAE51DCBB6520062A85E /* Release */,
			);
			defaultConfigurationIsVisible = 0;
			defaultConfigurationName = Release;
		};
		D96DDAE61DCBB6520062A85E /* Build configuration list for PBXNativeTarget "WeatherAppTests" */ = {
			isa = XCConfigurationList;
			buildConfigurations = (
				D96DDAE71DCBB6520062A85E /* Debug */,
				D96DDAE81DCBB6520062A85E /* Release */,
			);
			defaultConfigurationIsVisible = 0;
			defaultConfigurationName = Release;
		};
		D96DDAE91DCBB6520062A85E /* Build configuration list for PBXNativeTarget "WeatherAppUITests" */ = {
			isa = XCConfigurationList;
			buildConfigurations = (
				D96DDAEA1DCBB6520062A85E /* Debug */,
				D96DDAEB1DCBB6520062A85E /* Release */,
			);
			defaultConfigurationIsVisible = 0;
			defaultConfigurationName = Release;
		};
/* End XCConfigurationList section */

/* Begin XCVersionGroup section */
		D9C8806D1DCE27F000B43097 /* WeatherApp.xcdatamodeld */ = {
			isa = XCVersionGroup;
			children = (
				D9C8806E1DCE27F000B43097 /* WeatherApp.xcdatamodel */,
			);
			currentVersion = D9C8806E1DCE27F000B43097 /* WeatherApp.xcdatamodel */;
			path = WeatherApp.xcdatamodeld;
			sourceTree = "<group>";
			versionGroupType = wrapper.xcdatamodel;
		};
/* End XCVersionGroup section */
	};
	rootObject = D96DDAB31DCBB6510062A85E /* Project object */;
}
